
Microsoft Visual Studio Solution File, Format Version 12.00
# Visual Studio 2013
VisualStudioVersion = 12.0.31101.0
MinimumVisualStudioVersion = 10.0.40219.1
Project("{FAE04EC0-301F-11D3-BF4B-00C04F79EFBC}") = "TypographicFonts", "TypographicFonts\TypographicFonts.csproj", "{6E13332D-166B-4BF3-BB1D-FE0CB2CB3AB7}"
EndProject
Project("{FAE04EC0-301F-11D3-BF4B-00C04F79EFBC}") = "TypographicFonts.Tests", "TypographicFonts.Tests\TypographicFonts.Tests.csproj", "{4416E79F-36D4-40FD-A004-91BB0BF17894}"
EndProject
Project("{2150E333-8FDC-42A3-9474-1A3956D46DE8}") = "Solution Items", "Solution Items", "{80CD49AF-848A-4B27-9720-1896843284A3}"
	ProjectSection(SolutionItems) = preProject
		README.md = README.md
	EndProjectSection
EndProject
Global
	GlobalSection(SolutionConfigurationPlatforms) = preSolution
		Debug|Any CPU = Debug|Any CPU
		Release|Any CPU = Release|Any CPU
	EndGlobalSection
	GlobalSection(ProjectConfigurationPlatforms) = postSolution
		{6E13332D-166B-4BF3-BB1D-FE0CB2CB3AB7}.Debug|Any CPU.ActiveCfg = Debug|Any CPU
		{6E13332D-166B-4BF3-BB1D-FE0CB2CB3AB7}.Debug|Any CPU.Build.0 = Debug|Any CPU
		{6E13332D-166B-4BF3-BB1D-FE0CB2CB3AB7}.Release|Any CPU.ActiveCfg = Release|Any CPU
		{6E13332D-166B-4BF3-BB1D-FE0CB2CB3AB7}.Release|Any CPU.Build.0 = Release|Any CPU
		{4416E79F-36D4-40FD-A004-91BB0BF17894}.Debug|Any CPU.ActiveCfg = Debug|Any CPU
		{4416E79F-36D4-40FD-A004-91BB0BF17894}.Debug|Any CPU.Build.0 = Debug|Any CPU
		{4416E79F-36D4-40FD-A004-91BB0BF17894}.Release|Any CPU.ActiveCfg = Release|Any CPU
		{4416E79F-36D4-40FD-A004-91BB0BF17894}.Release|Any CPU.Build.0 = Release|Any CPU
	EndGlobalSection
	GlobalSection(SolutionProperties) = preSolution
		HideSolutionNode = FALSE
	EndGlobalSection
EndGlobal
